
Microsoft Visual Studio Solution File, Format Version 12.00
# Visual Studio Version 17
VisualStudioVersion = 17.9.34616.47
MinimumVisualStudioVersion = 10.0.40219.1
Project("{8BC9CEB8-8B4A-11D0-8D11-00A0C91BC942}") = "Pointer", "Pointer\Pointer.vcxproj", "{660C0C21-A93C-4C08-A8BD-7665FC1A4DCF}"
EndProject
Global
	GlobalSection(SolutionConfigurationPlatforms) = preSolution
		Debug|x64 = Debug|x64
		Debug|x86 = Debug|x86
		Release|x64 = Release|x64
		Release|x86 = Release|x86
	EndGlobalSection
	GlobalSection(ProjectConfigurationPlatforms) = postSolution
		{660C0C21-A93C-4C08-A8BD-7665FC1A4DCF}.Debug|x64.ActiveCfg = Debug|x64
		{660C0C21-A93C-4C08-A8BD-7665FC1A4DCF}.Debug|x64.Build.0 = Debug|x64
		{660C0C21-A93C-4C08-A8BD-7665FC1A4DCF}.Debug|x86.ActiveCfg = Debug|Win32
		{660C0C21-A93C-4C08-A8BD-7665FC1A4DCF}.Debug|x86.Build.0 = Debug|Win32
		{660C0C21-A93C-4C08-A8BD-7665FC1A4DCF}.Release|x64.ActiveCfg = Release|x64
		{660C0C21-A93C-4C08-A8BD-7665FC1A4DCF}.Release|x64.Build.0 = Release|x64
		{660C0C21-A93C-4C08-A8BD-7665FC1A4DCF}.Release|x86.ActiveCfg = Release|Win32
		{660C0C21-A93C-4C08-A8BD-7665FC1A4DCF}.Release|x86.Build.0 = Release|Win32
	EndGlobalSection
	GlobalSection(SolutionProperties) = preSolution
		HideSolutionNode = FALSE
	EndGlobalSection
	GlobalSection(ExtensibilityGlobals) = postSolution
		SolutionGuid = {8BC4D085-3830-4741-A07D-2AF2BB3CBBDF}
	EndGlobalSection
EndGlobal
